// !$*UTF8*$!
{
	archiveVersion = 1;
	classes = {
	};
	objectVersion = 56;
	objects = {

/* Begin PBXBuildFile section */
		797E061F2C173CE900859AFE /* ImagesFeedApp.swift in Sources */ = {isa = PBXBuildFile; fileRef = 797E061E2C173CE900859AFE /* ImagesFeedApp.swift */; };
		797E06212C173CE900859AFE /* ContentView.swift in Sources */ = {isa = PBXBuildFile; fileRef = 797E06202C173CE900859AFE /* ContentView.swift */; };
		797E06232C173CEB00859AFE /* Assets.xcassets in Resources */ = {isa = PBXBuildFile; fileRef = 797E06222C173CEB00859AFE /* Assets.xcassets */; };
		797E06262C173CEB00859AFE /* Preview Assets.xcassets in Resources */ = {isa = PBXBuildFile; fileRef = 797E06252C173CEB00859AFE /* Preview Assets.xcassets */; };
		797E06302C173CEB00859AFE /* ImagesFeedTests.swift in Sources */ = {isa = PBXBuildFile; fileRef = 797E062F2C173CEB00859AFE /* ImagesFeedTests.swift */; };
		797E063A2C173CEB00859AFE /* ImagesFeedUITests.swift in Sources */ = {isa = PBXBuildFile; fileRef = 797E06392C173CEB00859AFE /* ImagesFeedUITests.swift */; };
		797E063C2C173CEB00859AFE /* ImagesFeedUITestsLaunchTests.swift in Sources */ = {isa = PBXBuildFile; fileRef = 797E063B2C173CEB00859AFE /* ImagesFeedUITestsLaunchTests.swift */; };
/* End PBXBuildFile section */

/* Begin PBXContainerItemProxy section */
		797E062C2C173CEB00859AFE /* PBXContainerItemProxy */ = {
			isa = PBXContainerItemProxy;
			containerPortal = 797E06132C173CE900859AFE /* Project object */;
			proxyType = 1;
			remoteGlobalIDString = 797E061A2C173CE900859AFE;
			remoteInfo = ImagesFeed;
		};
		797E06362C173CEB00859AFE /* PBXContainerItemProxy */ = {
			isa = PBXContainerItemProxy;
			containerPortal = 797E06132C173CE900859AFE /* Project object */;
			proxyType = 1;
			remoteGlobalIDString = 797E061A2C173CE900859AFE;
			remoteInfo = ImagesFeed;
		};
/* End PBXContainerItemProxy section */

/* Begin PBXFileReference section */
		797E061B2C173CE900859AFE /* ImagesFeed.app */ = {isa = PBXFileReference; explicitFileType = wrapper.application; includeInIndex = 0; path = ImagesFeed.app; sourceTree = BUILT_PRODUCTS_DIR; };
		797E061E2C173CE900859AFE /* ImagesFeedApp.swift */ = {isa = PBXFileReference; lastKnownFileType = sourcecode.swift; path = ImagesFeedApp.swift; sourceTree = "<group>"; };
		797E06202C173CE900859AFE /* ContentView.swift */ = {isa = PBXFileReference; lastKnownFileType = sourcecode.swift; path = ContentView.swift; sourceTree = "<group>"; };
		797E06222C173CEB00859AFE /* Assets.xcassets */ = {isa = PBXFileReference; lastKnownFileType = folder.assetcatalog; path = Assets.xcassets; sourceTree = "<group>"; };
		797E06252C173CEB00859AFE /* Preview Assets.xcassets */ = {isa = PBXFileReference; lastKnownFileType = folder.assetcatalog; path = "Preview Assets.xcassets"; sourceTree = "<group>"; };
		797E062B2C173CEB00859AFE /* ImagesFeedTests.xctest */ = {isa = PBXFileReference; explicitFileType = wrapper.cfbundle; includeInIndex = 0; path = ImagesFeedTests.xctest; sourceTree = BUILT_PRODUCTS_DIR; };
		797E062F2C173CEB00859AFE /* ImagesFeedTests.swift */ = {isa = PBXFileReference; lastKnownFileType = sourcecode.swift; path = ImagesFeedTests.swift; sourceTree = "<group>"; };
		797E06352C173CEB00859AFE /* ImagesFeedUITests.xctest */ = {isa = PBXFileReference; explicitFileType = wrapper.cfbundle; includeInIndex = 0; path = ImagesFeedUITests.xctest; sourceTree = BUILT_PRODUCTS_DIR; };
		797E06392C173CEB00859AFE /* ImagesFeedUITests.swift */ = {isa = PBXFileReference; lastKnownFileType = sourcecode.swift; path = ImagesFeedUITests.swift; sourceTree = "<group>"; };
		797E063B2C173CEB00859AFE /* ImagesFeedUITestsLaunchTests.swift */ = {isa = PBXFileReference; lastKnownFileType = sourcecode.swift; path = ImagesFeedUITestsLaunchTests.swift; sourceTree = "<group>"; };
/* End PBXFileReference section */

/* Begin PBXFrameworksBuildPhase section */
		797E06182C173CE900859AFE /* Frameworks */ = {
			isa = PBXFrameworksBuildPhase;
			buildActionMask = 2147483647;
			files = (
			);
			runOnlyForDeploymentPostprocessing = 0;
		};
		797E06282C173CEB00859AFE /* Frameworks */ = {
			isa = PBXFrameworksBuildPhase;
			buildActionMask = 2147483647;
			files = (
			);
			runOnlyForDeploymentPostprocessing = 0;
		};
		797E06322C173CEB00859AFE /* Frameworks */ = {
			isa = PBXFrameworksBuildPhase;
			buildActionMask = 2147483647;
			files = (
			);
			runOnlyForDeploymentPostprocessing = 0;
		};
/* End PBXFrameworksBuildPhase section */

/* Begin PBXGroup section */
		797E06122C173CE900859AFE = {
			isa = PBXGroup;
			children = (
				797E061D2C173CE900859AFE /* ImagesFeed */,
				797E062E2C173CEB00859AFE /* ImagesFeedTests */,
				797E06382C173CEB00859AFE /* ImagesFeedUITests */,
				797E061C2C173CE900859AFE /* Products */,
			);
			sourceTree = "<group>";
		};
		797E061C2C173CE900859AFE /* Products */ = {
			isa = PBXGroup;
			children = (
				797E061B2C173CE900859AFE /* ImagesFeed.app */,
				797E062B2C173CEB00859AFE /* ImagesFeedTests.xctest */,
				797E06352C173CEB00859AFE /* ImagesFeedUITests.xctest */,
			);
			name = Products;
			sourceTree = "<group>";
		};
		797E061D2C173CE900859AFE /* ImagesFeed */ = {
			isa = PBXGroup;
			children = (
				797E061E2C173CE900859AFE /* ImagesFeedApp.swift */,
				797E06202C173CE900859AFE /* ContentView.swift */,
				797E06222C173CEB00859AFE /* Assets.xcassets */,
				797E06242C173CEB00859AFE /* Preview Content */,
			);
			path = ImagesFeed;
			sourceTree = "<group>";
		};
		797E06242C173CEB00859AFE /* Preview Content */ = {
			isa = PBXGroup;
			children = (
				797E06252C173CEB00859AFE /* Preview Assets.xcassets */,
			);
			path = "Preview Content";
			sourceTree = "<group>";
		};
		797E062E2C173CEB00859AFE /* ImagesFeedTests */ = {
			isa = PBXGroup;
			children = (
				797E062F2C173CEB00859AFE /* ImagesFeedTests.swift */,
			);
			path = ImagesFeedTests;
			sourceTree = "<group>";
		};
		797E06382C173CEB00859AFE /* ImagesFeedUITests */ = {
			isa = PBXGroup;
			children = (
				797E06392C173CEB00859AFE /* ImagesFeedUITests.swift */,
				797E063B2C173CEB00859AFE /* ImagesFeedUITestsLaunchTests.swift */,
			);
			path = ImagesFeedUITests;
			sourceTree = "<group>";
		};
/* End PBXGroup section */

/* Begin PBXNativeTarget section */
		797E061A2C173CE900859AFE /* ImagesFeed */ = {
			isa = PBXNativeTarget;
			buildConfigurationList = 797E063F2C173CEB00859AFE /* Build configuration list for PBXNativeTarget "ImagesFeed" */;
			buildPhases = (
				797E06172C173CE900859AFE /* Sources */,
				797E06182C173CE900859AFE /* Frameworks */,
				797E06192C173CE900859AFE /* Resources */,
			);
			buildRules = (
			);
			dependencies = (
			);
			name = ImagesFeed;
			productName = ImagesFeed;
			productReference = 797E061B2C173CE900859AFE /* ImagesFeed.app */;
			productType = "com.apple.product-type.application";
		};
		797E062A2C173CEB00859AFE /* ImagesFeedTests */ = {
			isa = PBXNativeTarget;
			buildConfigurationList = 797E06422C173CEB00859AFE /* Build configuration list for PBXNativeTarget "ImagesFeedTests" */;
			buildPhases = (
				797E06272C173CEB00859AFE /* Sources */,
				797E06282C173CEB00859AFE /* Frameworks */,
				797E06292C173CEB00859AFE /* Resources */,
			);
			buildRules = (
			);
			dependencies = (
				797E062D2C173CEB00859AFE /* PBXTargetDependency */,
			);
			name = ImagesFeedTests;
			productName = ImagesFeedTests;
			productReference = 797E062B2C173CEB00859AFE /* ImagesFeedTests.xctest */;
			productType = "com.apple.product-type.bundle.unit-test";
		};
		797E06342C173CEB00859AFE /* ImagesFeedUITests */ = {
			isa = PBXNativeTarget;
			buildConfigurationList = 797E06452C173CEB00859AFE /* Build configuration list for PBXNativeTarget "ImagesFeedUITests" */;
			buildPhases = (
				797E06312C173CEB00859AFE /* Sources */,
				797E06322C173CEB00859AFE /* Frameworks */,
				797E06332C173CEB00859AFE /* Resources */,
			);
			buildRules = (
			);
			dependencies = (
				797E06372C173CEB00859AFE /* PBXTargetDependency */,
			);
			name = ImagesFeedUITests;
			productName = ImagesFeedUITests;
			productReference = 797E06352C173CEB00859AFE /* ImagesFeedUITests.xctest */;
			productType = "com.apple.product-type.bundle.ui-testing";
		};
/* End PBXNativeTarget section */

/* Begin PBXProject section */
		797E06132C173CE900859AFE /* Project object */ = {
			isa = PBXProject;
			attributes = {
				BuildIndependentTargetsInParallel = 1;
				LastSwiftUpdateCheck = 1520;
				LastUpgradeCheck = 1520;
				TargetAttributes = {
					797E061A2C173CE900859AFE = {
						CreatedOnToolsVersion = 15.2;
					};
					797E062A2C173CEB00859AFE = {
						CreatedOnToolsVersion = 15.2;
						TestTargetID = 797E061A2C173CE900859AFE;
					};
					797E06342C173CEB00859AFE = {
						CreatedOnToolsVersion = 15.2;
						TestTargetID = 797E061A2C173CE900859AFE;
					};
				};
			};
			buildConfigurationList = 797E06162C173CE900859AFE /* Build configuration list for PBXProject "ImagesFeed" */;
			compatibilityVersion = "Xcode 14.0";
			developmentRegion = en;
			hasScannedForEncodings = 0;
			knownRegions = (
				en,
				Base,
			);
			mainGroup = 797E06122C173CE900859AFE;
			productRefGroup = 797E061C2C173CE900859AFE /* Products */;
			projectDirPath = "";
			projectRoot = "";
			targets = (
				797E061A2C173CE900859AFE /* ImagesFeed */,
				797E062A2C173CEB00859AFE /* ImagesFeedTests */,
				797E06342C173CEB00859AFE /* ImagesFeedUITests */,
			);
		};
/* End PBXProject section */

/* Begin PBXResourcesBuildPhase section */
		797E06192C173CE900859AFE /* Resources */ = {
			isa = PBXResourcesBuildPhase;
			buildActionMask = 2147483647;
			files = (
				797E06262C173CEB00859AFE /* Preview Assets.xcassets in Resources */,
				797E06232C173CEB00859AFE /* Assets.xcassets in Resources */,
			);
			runOnlyForDeploymentPostprocessing = 0;
		};
		797E06292C173CEB00859AFE /* Resources */ = {
			isa = PBXResourcesBuildPhase;
			buildActionMask = 2147483647;
			files = (
			);
			runOnlyForDeploymentPostprocessing = 0;
		};
		797E06332C173CEB00859AFE /* Resources */ = {
			isa = PBXResourcesBuildPhase;
			buildActionMask = 2147483647;
			files = (
			);
			runOnlyForDeploymentPostprocessing = 0;
		};
/* End PBXResourcesBuildPhase section */

/* Begin PBXSourcesBuildPhase section */
		797E06172C173CE900859AFE /* Sources */ = {
			isa = PBXSourcesBuildPhase;
			buildActionMask = 2147483647;
			files = (
				797E06212C173CE900859AFE /* ContentView.swift in Sources */,
				797E061F2C173CE900859AFE /* ImagesFeedApp.swift in Sources */,
			);
			runOnlyForDeploymentPostprocessing = 0;
		};
		797E06272C173CEB00859AFE /* Sources */ = {
			isa = PBXSourcesBuildPhase;
			buildActionMask = 2147483647;
			files = (
				797E06302C173CEB00859AFE /* ImagesFeedTests.swift in Sources */,
			);
			runOnlyForDeploymentPostprocessing = 0;
		};
		797E06312C173CEB00859AFE /* Sources */ = {
			isa = PBXSourcesBuildPhase;
			buildActionMask = 2147483647;
			files = (
				797E063C2C173CEB00859AFE /* ImagesFeedUITestsLaunchTests.swift in Sources */,
				797E063A2C173CEB00859AFE /* ImagesFeedUITests.swift in Sources */,
			);
			runOnlyForDeploymentPostprocessing = 0;
		};
/* End PBXSourcesBuildPhase section */

/* Begin PBXTargetDependency section */
		797E062D2C173CEB00859AFE /* PBXTargetDependency */ = {
			isa = PBXTargetDependency;
			target = 797E061A2C173CE900859AFE /* ImagesFeed */;
			targetProxy = 797E062C2C173CEB00859AFE /* PBXContainerItemProxy */;
		};
		797E06372C173CEB00859AFE /* PBXTargetDependency */ = {
			isa = PBXTargetDependency;
			target = 797E061A2C173CE900859AFE /* ImagesFeed */;
			targetProxy = 797E06362C173CEB00859AFE /* PBXContainerItemProxy */;
		};
/* End PBXTargetDependency section */

/* Begin XCBuildConfiguration section */
		797E063D2C173CEB00859AFE /* Debug */ = {
			isa = XCBuildConfiguration;
			buildSettings = {
				ALWAYS_SEARCH_USER_PATHS = NO;
				ASSETCATALOG_COMPILER_GENERATE_SWIFT_ASSET_SYMBOL_EXTENSIONS = YES;
				CLANG_ANALYZER_NONNULL = YES;
				CLANG_ANALYZER_NUMBER_OBJECT_CONVERSION = YES_AGGRESSIVE;
				CLANG_CXX_LANGUAGE_STANDARD = "gnu++20";
				CLANG_ENABLE_MODULES = YES;
				CLANG_ENABLE_OBJC_ARC = YES;
				CLANG_ENABLE_OBJC_WEAK = YES;
				CLANG_WARN_BLOCK_CAPTURE_AUTORELEASING = YES;
				CLANG_WARN_BOOL_CONVERSION = YES;
				CLANG_WARN_COMMA = YES;
				CLANG_WARN_CONSTANT_CONVERSION = YES;
				CLANG_WARN_DEPRECATED_OBJC_IMPLEMENTATIONS = YES;
				CLANG_WARN_DIRECT_OBJC_ISA_USAGE = YES_ERROR;
				CLANG_WARN_DOCUMENTATION_COMMENTS = YES;
				CLANG_WARN_EMPTY_BODY = YES;
				CLANG_WARN_ENUM_CONVERSION = YES;
				CLANG_WARN_INFINITE_RECURSION = YES;
				CLANG_WARN_INT_CONVERSION = YES;
				CLANG_WARN_NON_LITERAL_NULL_CONVERSION = YES;
				CLANG_WARN_OBJC_IMPLICIT_RETAIN_SELF = YES;
				CLANG_WARN_OBJC_LITERAL_CONVERSION = YES;
				CLANG_WARN_OBJC_ROOT_CLASS = YES_ERROR;
				CLANG_WARN_QUOTED_INCLUDE_IN_FRAMEWORK_HEADER = YES;
				CLANG_WARN_RANGE_LOOP_ANALYSIS = YES;
				CLANG_WARN_STRICT_PROTOTYPES = YES;
				CLANG_WARN_SUSPICIOUS_MOVE = YES;
				CLANG_WARN_UNGUARDED_AVAILABILITY = YES_AGGRESSIVE;
				CLANG_WARN_UNREACHABLE_CODE = YES;
				CLANG_WARN__DUPLICATE_METHOD_MATCH = YES;
				COPY_PHASE_STRIP = NO;
				DEBUG_INFORMATION_FORMAT = dwarf;
				ENABLE_STRICT_OBJC_MSGSEND = YES;
				ENABLE_TESTABILITY = YES;
				ENABLE_USER_SCRIPT_SANDBOXING = YES;
				GCC_C_LANGUAGE_STANDARD = gnu17;
				GCC_DYNAMIC_NO_PIC = NO;
				GCC_NO_COMMON_BLOCKS = YES;
				GCC_OPTIMIZATION_LEVEL = 0;
				GCC_PREPROCESSOR_DEFINITIONS = (
					"DEBUG=1",
					"$(inherited)",
				);
				GCC_WARN_64_TO_32_BIT_CONVERSION = YES;
				GCC_WARN_ABOUT_RETURN_TYPE = YES_ERROR;
				GCC_WARN_UNDECLARED_SELECTOR = YES;
				GCC_WARN_UNINITIALIZED_AUTOS = YES_AGGRESSIVE;
				GCC_WARN_UNUSED_FUNCTION = YES;
				GCC_WARN_UNUSED_VARIABLE = YES;
				IPHONEOS_DEPLOYMENT_TARGET = 17.2;
				LOCALIZATION_PREFERS_STRING_CATALOGS = YES;
				MTL_ENABLE_DEBUG_INFO = INCLUDE_SOURCE;
				MTL_FAST_MATH = YES;
				ONLY_ACTIVE_ARCH = YES;
				SDKROOT = iphoneos;
				SWIFT_ACTIVE_COMPILATION_CONDITIONS = "DEBUG $(inherited)";
				SWIFT_OPTIMIZATION_LEVEL = "-Onone";
			};
			name = Debug;
		};
		797E063E2C173CEB00859AFE /* Release */ = {
			isa = XCBuildConfiguration;
			buildSettings = {
				ALWAYS_SEARCH_USER_PATHS = NO;
				ASSETCATALOG_COMPILER_GENERATE_SWIFT_ASSET_SYMBOL_EXTENSIONS = YES;
				CLANG_ANALYZER_NONNULL = YES;
				CLANG_ANALYZER_NUMBER_OBJECT_CONVERSION = YES_AGGRESSIVE;
				CLANG_CXX_LANGUAGE_STANDARD = "gnu++20";
				CLANG_ENABLE_MODULES = YES;
				CLANG_ENABLE_OBJC_ARC = YES;
				CLANG_ENABLE_OBJC_WEAK = YES;
				CLANG_WARN_BLOCK_CAPTURE_AUTORELEASING = YES;
				CLANG_WARN_BOOL_CONVERSION = YES;
				CLANG_WARN_COMMA = YES;
				CLANG_WARN_CONSTANT_CONVERSION = YES;
				CLANG_WARN_DEPRECATED_OBJC_IMPLEMENTATIONS = YES;
				CLANG_WARN_DIRECT_OBJC_ISA_USAGE = YES_ERROR;
				CLANG_WARN_DOCUMENTATION_COMMENTS = YES;
				CLANG_WARN_EMPTY_BODY = YES;
				CLANG_WARN_ENUM_CONVERSION = YES;
				CLANG_WARN_INFINITE_RECURSION = YES;
				CLANG_WARN_INT_CONVERSION = YES;
				CLANG_WARN_NON_LITERAL_NULL_CONVERSION = YES;
				CLANG_WARN_OBJC_IMPLICIT_RETAIN_SELF = YES;
				CLANG_WARN_OBJC_LITERAL_CONVERSION = YES;
				CLANG_WARN_OBJC_ROOT_CLASS = YES_ERROR;
				CLANG_WARN_QUOTED_INCLUDE_IN_FRAMEWORK_HEADER = YES;
				CLANG_WARN_RANGE_LOOP_ANALYSIS = YES;
				CLANG_WARN_STRICT_PROTOTYPES = YES;
				CLANG_WARN_SUSPICIOUS_MOVE = YES;
				CLANG_WARN_UNGUARDED_AVAILABILITY = YES_AGGRESSIVE;
				CLANG_WARN_UNREACHABLE_CODE = YES;
				CLANG_WARN__DUPLICATE_METHOD_MATCH = YES;
				COPY_PHASE_STRIP = NO;
				DEBUG_INFORMATION_FORMAT = "dwarf-with-dsym";
				ENABLE_NS_ASSERTIONS = NO;
				ENABLE_STRICT_OBJC_MSGSEND = YES;
				ENABLE_USER_SCRIPT_SANDBOXING = YES;
				GCC_C_LANGUAGE_STANDARD = gnu17;
				GCC_NO_COMMON_BLOCKS = YES;
				GCC_WARN_64_TO_32_BIT_CONVERSION = YES;
				GCC_WARN_ABOUT_RETURN_TYPE = YES_ERROR;
				GCC_WARN_UNDECLARED_SELECTOR = YES;
				GCC_WARN_UNINITIALIZED_AUTOS = YES_AGGRESSIVE;
				GCC_WARN_UNUSED_FUNCTION = YES;
				GCC_WARN_UNUSED_VARIABLE = YES;
				IPHONEOS_DEPLOYMENT_TARGET = 17.2;
				LOCALIZATION_PREFERS_STRING_CATALOGS = YES;
				MTL_ENABLE_DEBUG_INFO = NO;
				MTL_FAST_MATH = YES;
				SDKROOT = iphoneos;
				SWIFT_COMPILATION_MODE = wholemodule;
				VALIDATE_PRODUCT = YES;
			};
			name = Release;
		};
		797E06402C173CEB00859AFE /* Debug */ = {
			isa = XCBuildConfiguration;
			buildSettings = {
				ASSETCATALOG_COMPILER_APPICON_NAME = AppIcon;
				ASSETCATALOG_COMPILER_GLOBAL_ACCENT_COLOR_NAME = AccentColor;
				CODE_SIGN_STYLE = Automatic;
				CURRENT_PROJECT_VERSION = 1;
				DEVELOPMENT_ASSET_PATHS = "\"ImagesFeed/Preview Content\"";
				DEVELOPMENT_TEAM = 297646QN2B;
				ENABLE_PREVIEWS = YES;
				GENERATE_INFOPLIST_FILE = YES;
				INFOPLIST_KEY_UIApplicationSceneManifest_Generation = YES;
				INFOPLIST_KEY_UIApplicationSupportsIndirectInputEvents = YES;
				INFOPLIST_KEY_UILaunchScreen_Generation = YES;
				INFOPLIST_KEY_UISupportedInterfaceOrientations_iPad = "UIInterfaceOrientationPortrait UIInterfaceOrientationPortraitUpsideDown UIInterfaceOrientationLandscapeLeft UIInterfaceOrientationLandscapeRight";
				INFOPLIST_KEY_UISupportedInterfaceOrientations_iPhone = "UIInterfaceOrientationPortrait UIInterfaceOrientationLandscapeLeft UIInterfaceOrientationLandscapeRight";
				LD_RUNPATH_SEARCH_PATHS = (
					"$(inherited)",
					"@executable_path/Frameworks",
				);
				MARKETING_VERSION = 1.0;
				PRODUCT_BUNDLE_IDENTIFIER = bn.software.com.ImagesFeed;
				PRODUCT_NAME = "$(TARGET_NAME)";
				SWIFT_EMIT_LOC_STRINGS = YES;
				SWIFT_VERSION = 5.0;
				TARGETED_DEVICE_FAMILY = "1,2";
			};
			name = Debug;
		};
		797E06412C173CEB00859AFE /* Release */ = {
			isa = XCBuildConfiguration;
			buildSettings = {
				ASSETCATALOG_COMPILER_APPICON_NAME = AppIcon;
				ASSETCATALOG_COMPILER_GLOBAL_ACCENT_COLOR_NAME = AccentColor;
				CODE_SIGN_STYLE = Automatic;
				CURRENT_PROJECT_VERSION = 1;
				DEVELOPMENT_ASSET_PATHS = "\"ImagesFeed/Preview Content\"";
				DEVELOPMENT_TEAM = 297646QN2B;
				ENABLE_PREVIEWS = YES;
				GENERATE_INFOPLIST_FILE = YES;
				INFOPLIST_KEY_UIApplicationSceneManifest_Generation = YES;
				INFOPLIST_KEY_UIApplicationSupportsIndirectInputEvents = YES;
				INFOPLIST_KEY_UILaunchScreen_Generation = YES;
				INFOPLIST_KEY_UISupportedInterfaceOrientations_iPad = "UIInterfaceOrientationPortrait UIInterfaceOrientationPortraitUpsideDown UIInterfaceOrientationLandscapeLeft UIInterfaceOrientationLandscapeRight";
				INFOPLIST_KEY_UISupportedInterfaceOrientations_iPhone = "UIInterfaceOrientationPortrait UIInterfaceOrientationLandscapeLeft UIInterfaceOrientationLandscapeRight";
				LD_RUNPATH_SEARCH_PATHS = (
					"$(inherited)",
					"@executable_path/Frameworks",
				);
				MARKETING_VERSION = 1.0;
				PRODUCT_BUNDLE_IDENTIFIER = bn.software.com.ImagesFeed;
				PRODUCT_NAME = "$(TARGET_NAME)";
				SWIFT_EMIT_LOC_STRINGS = YES;
				SWIFT_VERSION = 5.0;
				TARGETED_DEVICE_FAMILY = "1,2";
			};
			name = Release;
		};
		797E06432C173CEB00859AFE /* Debug */ = {
			isa = XCBuildConfiguration;
			buildSettings = {
				ALWAYS_EMBED_SWIFT_STANDARD_LIBRARIES = YES;
				BUNDLE_LOADER = "$(TEST_HOST)";
				CODE_SIGN_STYLE = Automatic;
				CURRENT_PROJECT_VERSION = 1;
				DEVELOPMENT_TEAM = 297646QN2B;
				GENERATE_INFOPLIST_FILE = YES;
				IPHONEOS_DEPLOYMENT_TARGET = 17.2;
				MARKETING_VERSION = 1.0;
				PRODUCT_BUNDLE_IDENTIFIER = bn.software.com.ImagesFeedTests;
				PRODUCT_NAME = "$(TARGET_NAME)";
				SWIFT_EMIT_LOC_STRINGS = NO;
				SWIFT_VERSION = 5.0;
				TARGETED_DEVICE_FAMILY = "1,2";
				TEST_HOST = "$(BUILT_PRODUCTS_DIR)/ImagesFeed.app/$(BUNDLE_EXECUTABLE_FOLDER_PATH)/ImagesFeed";
			};
			name = Debug;
		};
		797E06442C173CEB00859AFE /* Release */ = {
			isa = XCBuildConfiguration;
			buildSettings = {
				ALWAYS_EMBED_SWIFT_STANDARD_LIBRARIES = YES;
				BUNDLE_LOADER = "$(TEST_HOST)";
				CODE_SIGN_STYLE = Automatic;
				CURRENT_PROJECT_VERSION = 1;
				DEVELOPMENT_TEAM = 297646QN2B;
				GENERATE_INFOPLIST_FILE = YES;
				IPHONEOS_DEPLOYMENT_TARGET = 17.2;
				MARKETING_VERSION = 1.0;
				PRODUCT_BUNDLE_IDENTIFIER = bn.software.com.ImagesFeedTests;
				PRODUCT_NAME = "$(TARGET_NAME)";
				SWIFT_EMIT_LOC_STRINGS = NO;
				SWIFT_VERSION = 5.0;
				TARGETED_DEVICE_FAMILY = "1,2";
				TEST_HOST = "$(BUILT_PRODUCTS_DIR)/ImagesFeed.app/$(BUNDLE_EXECUTABLE_FOLDER_PATH)/ImagesFeed";
			};
			name = Release;
		};
		797E06462C173CEB00859AFE /* Debug */ = {
			isa = XCBuildConfiguration;
			buildSettings = {
				ALWAYS_EMBED_SWIFT_STANDARD_LIBRARIES = YES;
				CODE_SIGN_STYLE = Automatic;
				CURRENT_PROJECT_VERSION = 1;
				DEVELOPMENT_TEAM = 297646QN2B;
				GENERATE_INFOPLIST_FILE = YES;
				MARKETING_VERSION = 1.0;
				PRODUCT_BUNDLE_IDENTIFIER = bn.software.com.ImagesFeedUITests;
				PRODUCT_NAME = "$(TARGET_NAME)";
				SWIFT_EMIT_LOC_STRINGS = NO;
				SWIFT_VERSION = 5.0;
				TARGETED_DEVICE_FAMILY = "1,2";
				TEST_TARGET_NAME = ImagesFeed;
			};
			name = Debug;
		};
		797E06472C173CEB00859AFE /* Release */ = {
			isa = XCBuildConfiguration;
			buildSettings = {
				ALWAYS_EMBED_SWIFT_STANDARD_LIBRARIES = YES;
				CODE_SIGN_STYLE = Automatic;
				CURRENT_PROJECT_VERSION = 1;
				DEVELOPMENT_TEAM = 297646QN2B;
				GENERATE_INFOPLIST_FILE = YES;
				MARKETING_VERSION = 1.0;
				PRODUCT_BUNDLE_IDENTIFIER = bn.software.com.ImagesFeedUITests;
				PRODUCT_NAME = "$(TARGET_NAME)";
				SWIFT_EMIT_LOC_STRINGS = NO;
				SWIFT_VERSION = 5.0;
				TARGETED_DEVICE_FAMILY = "1,2";
				TEST_TARGET_NAME = ImagesFeed;
			};
			name = Release;
		};
/* End XCBuildConfiguration section */

/* Begin XCConfigurationList section */
		797E06162C173CE900859AFE /* Build configuration list for PBXProject "ImagesFeed" */ = {
			isa = XCConfigurationList;
			buildConfigurations = (
				797E063D2C173CEB00859AFE /* Debug */,
				797E063E2C173CEB00859AFE /* Release */,
			);
			defaultConfigurationIsVisible = 0;
			defaultConfigurationName = Release;
		};
		797E063F2C173CEB00859AFE /* Build configuration list for PBXNativeTarget "ImagesFeed" */ = {
			isa = XCConfigurationList;
			buildConfigurations = (
				797E06402C173CEB00859AFE /* Debug */,
				797E06412C173CEB00859AFE /* Release */,
			);
			defaultConfigurationIsVisible = 0;
			defaultConfigurationName = Release;
		};
		797E06422C173CEB00859AFE /* Build configuration list for PBXNativeTarget "ImagesFeedTests" */ = {
			isa = XCConfigurationList;
			buildConfigurations = (
				797E06432C173CEB00859AFE /* Debug */,
				797E06442C173CEB00859AFE /* Release */,
			);
			defaultConfigurationIsVisible = 0;
			defaultConfigurationName = Release;
		};
		797E06452C173CEB00859AFE /* Build configuration list for PBXNativeTarget "ImagesFeedUITests" */ = {
			isa = XCConfigurationList;
			buildConfigurations = (
				797E06462C173CEB00859AFE /* Debug */,
				797E06472C173CEB00859AFE /* Release */,
			);
			defaultConfigurationIsVisible = 0;
			defaultConfigurationName = Release;
		};
/* End XCConfigurationList section */
	};
	rootObject = 797E06132C173CE900859AFE /* Project object */;
}
